PODS:
  - iOSSnapshotTestCase (6.2.0):
    - iOSSnapshotTestCase/SwiftSupport (= 6.2.0)
  - iOSSnapshotTestCase/Core (6.2.0)
  - iOSSnapshotTestCase/SwiftSupport (6.2.0):
    - iOSSnapshotTestCase/Core
  - Nimble (8.0.5)
  - Nimble-Snapshots (8.1.1):
    - Nimble-Snapshots/Core (= 8.1.1)
  - Nimble-Snapshots/Core (8.1.1):
    - iOSSnapshotTestCase (~> 6.0)
    - Nimble (~> 8.0)
  - Quick (2.2.0)
  - SwiftLint (0.39.1)
  - YMOverride (2.3.0):
    - YMOverride/Features (= 2.3.0)
  - YMOverride/Features (2.3.0)
  - YMOverrideTestSupport (2.3.0):
    - YMOverride (= 2.3.0)

DEPENDENCIES:
  - Nimble
  - Nimble-Snapshots
  - Quick
  - SwiftLint
  - YMOverride (from `../`)
  - YMOverrideTestSupport (from `../`)

SPEC REPOS:
  trunk:
    - iOSSnapshotTestCase
    - Nimble
    - Nimble-Snapshots
    - Quick
    - SwiftLint

EXTERNAL SOURCES:
  YMOverride:
    :path: "../"
  YMOverrideTestSupport:
    :path: "../"

SPEC CHECKSUMS:
  iOSSnapshotTestCase: 9ab44cb5aa62b84d31847f40680112e15ec579a6
  Nimble: 4ab1aeb9b45553c75b9687196b0fa0713170a332
  Nimble-Snapshots: 5058fb9b459e64371f54a0f8d9dde6f33db490a0
  Quick: 7fb19e13be07b5dfb3b90d4f9824c855a11af40e
  SwiftLint: 55e96a4a4d537d4a3156859fc1c54bd24851a046
  YMOverride: af298e358410daba641442a835e55ce2bfa12839
  YMOverrideTestSupport: 18cbe1c7911f916ba7388e894cd4befa9b625886

PODFILE CHECKSUM: 0c58bf5661f362cbe1a922f8059c6e5de91604f1

COCOAPODS: 1.8.4
