PODS:
  - iOSSnapshotTestCase (4.0.1):
    - iOSSnapshotTestCase/SwiftSupport (= 4.0.1)
  - iOSSnapshotTestCase/Core (4.0.1)
  - iOSSnapshotTestCase/SwiftSupport (4.0.1):
    - iOSSnapshotTestCase/Core
  - Nimble (7.3.1)
  - Nimble-Snapshots (6.9.0):
    - Nimble-Snapshots/Core (= 6.9.0)
  - Nimble-Snapshots/Core (6.9.0):
    - iOSSnapshotTestCase (~> 4.0)
    - Nimble (~> 7.0)
  - Override (2.0.0):
    - Override/Features (= 2.0.0)
  - Override/Features (2.0.0)
  - OverrideTestSupport (2.0.0):
    - Override (= 2.0.0)
  - Quick (1.3.2)
  - SwiftLint (0.29.1)

DEPENDENCIES:
  - Nimble (~> 7.1)
  - Nimble-Snapshots (~> 6.7)
  - Override (from `../`)
  - OverrideTestSupport (from `../`)
  - Quick (~> 1.3)
  - SwiftLint (~> 0.26)

SPEC REPOS:
  https://github.com/cocoapods/specs.git:
    - iOSSnapshotTestCase
    - Nimble
    - Nimble-Snapshots
    - Quick
    - SwiftLint

EXTERNAL SOURCES:
  Override:
    :path: "../"
  OverrideTestSupport:
    :path: "../"

SPEC CHECKSUMS:
  iOSSnapshotTestCase: f3b2b7e606fe03fdbe49af84316bd235df32dc44
  Nimble: 04f732da099ea4d153122aec8c2a88fd0c7219ae
  Nimble-Snapshots: 79394f8d0aea3df54bd5ff78ee9dff05a523a09c
  Override: b75f1ebb7638c7a42f9879bbbe5876cadfc6b108
  OverrideTestSupport: 530a5802260e18a58bf5911e48fb5c4cca4919fb
  Quick: 2623cb30d7a7f41ca62f684f679586558f483d46
  SwiftLint: 6772320e40b52049053a518c17db9b0634a0b45a

PODFILE CHECKSUM: 93660c687d81d9c2aa2a0d2215d9f730da2f8bea

COCOAPODS: 1.6.1
