PODS:
  - iOSSnapshotTestCase (5.0.2):
    - iOSSnapshotTestCase/SwiftSupport (= 5.0.2)
  - iOSSnapshotTestCase/Core (5.0.2)
  - iOSSnapshotTestCase/SwiftSupport (5.0.2):
    - iOSSnapshotTestCase/Core
  - Nimble (7.3.4)
  - Nimble-Snapshots (6.9.1):
    - Nimble-Snapshots/Core (= 6.9.1)
  - Nimble-Snapshots/Core (6.9.1):
    - iOSSnapshotTestCase (~> 5.0)
    - Nimble (~> 7.0)
  - Quick (1.3.4)
  - SwiftLint (0.31.0)
  - YMOverride (2.3.0):
    - YMOverride/Features (= 2.3.0)
  - YMOverride/Features (2.3.0)
  - YMOverrideTestSupport (2.3.0):
    - YMOverride (= 2.3.0)

DEPENDENCIES:
  - Nimble (~> 7.1)
  - Nimble-Snapshots (~> 6.7)
  - Quick (~> 1.3)
  - SwiftLint (~> 0.26)
  - YMOverride (from `../`)
  - YMOverrideTestSupport (from `../`)

SPEC REPOS:
  https://github.com/CocoaPods/Specs.git:
    - iOSSnapshotTestCase
    - Nimble
    - Nimble-Snapshots
    - Quick
    - SwiftLint

EXTERNAL SOURCES:
  YMOverride:
    :path: "../"
  YMOverrideTestSupport:
    :path: "../"

SPEC CHECKSUMS:
  iOSSnapshotTestCase: 2d51aa06775e95cecb0a1fb9c5c159ccd1dd4596
  Nimble: 051e3d8912d40138fa5591c78594f95fb172af37
  Nimble-Snapshots: bbd1ab264bacc24a9ce24a8363bc05aac783aeb0
  Quick: f4f7f063c524394c73ed93ac70983c609805d481
  SwiftLint: 7a0227733d786395817373b2d0ca799fd0093ff3
  YMOverride: 4720801944b88af5ef27b8fcbb1506a1eff167e5
  YMOverrideTestSupport: efaf120e317061195395536e0e748f34f4645685

PODFILE CHECKSUM: 95a086a62473cf6eb853e6253ebe5b16919ec642

COCOAPODS: 1.8.4
