PODS:
  - Expecta (1.0.6)
  - Specta (1.0.7)
  - YMOverride (2.0.0):
    - YMOverride/Features (= 2.0.0)
  - YMOverride/Features (2.0.0)
  - YMOverrideTestSupport (2.0.0):
    - YMOverride (= 2.0.0)

DEPENDENCIES:
  - Expecta (~> 1.0)
  - Specta (~> 1.0)
  - YMOverride (from `../`)
  - YMOverrideTestSupport (from `../`)

SPEC REPOS:
  https://github.com/cocoapods/specs.git:
    - Expecta
    - Specta

EXTERNAL SOURCES:
  YMOverride:
    :path: "../"
  YMOverrideTestSupport:
    :path: "../"

SPEC CHECKSUMS:
  Expecta: 3b6bd90a64b9a1dcb0b70aa0e10a7f8f631667d5
  Specta: 3e1bd89c3517421982dc4d1c992503e48bd5fe66
  YMOverride: b584055b1d78b4556cb313b78c71f16ab4c2b675
  YMOverrideTestSupport: 5f137d817e6b6d27810a0285014fa2d18fa8f495

PODFILE CHECKSUM: 495a2ba7eaf053a88228f4d500ace45e59e5cfb3

COCOAPODS: 1.6.1
