PODS:
  - Expecta (1.0.6)
  - Specta (1.0.7)
  - YMOverride (2.2.0):
    - YMOverride/Features (= 2.2.0)
  - YMOverride/Features (2.2.0)
  - YMOverrideTestSupport (2.2.0):
    - YMOverride (= 2.2.0)

DEPENDENCIES:
  - Expecta (~> 1.0)
  - Specta (~> 1.0)
  - YMOverride (from `../`)
  - YMOverrideTestSupport (from `../`)

SPEC REPOS:
  https://github.com/CocoaPods/Specs.git:
    - Expecta
    - Specta

EXTERNAL SOURCES:
  YMOverride:
    :path: "../"
  YMOverrideTestSupport:
    :path: "../"

SPEC CHECKSUMS:
  Expecta: 3b6bd90a64b9a1dcb0b70aa0e10a7f8f631667d5
  Specta: 3e1bd89c3517421982dc4d1c992503e48bd5fe66
  YMOverride: bd1cfad3410db3417b7abd11a8d33cf2ee612d4b
  YMOverrideTestSupport: b0dc3ab3186c3675e7fb952aa2d216e8a89ebbd9

PODFILE CHECKSUM: 495a2ba7eaf053a88228f4d500ace45e59e5cfb3

COCOAPODS: 1.8.4
