PODS:
  - Expecta (1.0.6)
  - Override (1.1.2):
    - Override/Features (= 1.1.2)
  - Override/Features (1.1.2)
  - OverrideTestSupport (1.1.2):
    - Override (= 1.1.2)
  - Specta (1.0.7)

DEPENDENCIES:
  - Expecta (~> 1.0)
  - Override (from `../`)
  - OverrideTestSupport (from `../`)
  - Specta (~> 1.0)

SPEC REPOS:
  https://github.com/cocoapods/specs.git:
    - Expecta
    - Specta

EXTERNAL SOURCES:
  Override:
    :path: "../"
  OverrideTestSupport:
    :path: "../"

SPEC CHECKSUMS:
  Expecta: 3b6bd90a64b9a1dcb0b70aa0e10a7f8f631667d5
  Override: 47dd9518f1194b281094db1cd5cb6a0ecf27c1cf
  OverrideTestSupport: f47690c6f0e4ef37bf209ec5e508cbf6a3ff5007
  Specta: 3e1bd89c3517421982dc4d1c992503e48bd5fe66

PODFILE CHECKSUM: f99d97295040db06bf7edeaf6f0899287e85bee8

COCOAPODS: 1.5.3
